// !$*UTF8*$!
{
	archiveVersion = 1;
	classes = {
	};
	objectVersion = 77;
	objects = {

/* Begin PBXContainerItemProxy section */
		52DE68742DC2CA3F001B2BDA /* PBXContainerItemProxy */ = {
			isa = PBXContainerItemProxy;
			containerPortal = 52DE685E2DC2CA3E001B2BDA /* Project object */;
			proxyType = 1;
			remoteGlobalIDString = 52DE68652DC2CA3E001B2BDA;
			remoteInfo = RestaurantGuide;
		};
		52DE687E2DC2CA3F001B2BDA /* PBXContainerItemProxy */ = {
			isa = PBXContainerItemProxy;
			containerPortal = 52DE685E2DC2CA3E001B2BDA /* Project object */;
			proxyType = 1;
			remoteGlobalIDString = 52DE68652DC2CA3E001B2BDA;
			remoteInfo = RestaurantGuide;
		};
/* End PBXContainerItemProxy section */

/* Begin PBXFileReference section */
		52DE68662DC2CA3E001B2BDA /* RestaurantGuide.app */ = {isa = PBXFileReference; explicitFileType = wrapper.application; includeInIndex = 0; path = RestaurantGuide.app; sourceTree = BUILT_PRODUCTS_DIR; };
		52DE68732DC2CA3F001B2BDA /* RestaurantGuideTests.xctest */ = {isa = PBXFileReference; explicitFileType = wrapper.cfbundle; includeInIndex = 0; path = RestaurantGuideTests.xctest; sourceTree = BUILT_PRODUCTS_DIR; };
		52DE687D2DC2CA3F001B2BDA /* RestaurantGuideUITests.xctest */ = {isa = PBXFileReference; explicitFileType = wrapper.cfbundle; includeInIndex = 0; path = RestaurantGuideUITests.xctest; sourceTree = BUILT_PRODUCTS_DIR; };
/* End PBXFileReference section */

/* Begin PBXFileSystemSynchronizedRootGroup section */
		52DE68682DC2CA3E001B2BDA /* RestaurantGuide */ = {
			isa = PBXFileSystemSynchronizedRootGroup;
			path = RestaurantGuide;
			sourceTree = "<group>";
		};
		52DE68762DC2CA3F001B2BDA /* RestaurantGuideTests */ = {
			isa = PBXFileSystemSynchronizedRootGroup;
			path = RestaurantGuideTests;
			sourceTree = "<group>";
		};
		52DE68802DC2CA3F001B2BDA /* RestaurantGuideUITests */ = {
			isa = PBXFileSystemSynchronizedRootGroup;
			path = RestaurantGuideUITests;
			sourceTree = "<group>";
		};
/* End PBXFileSystemSynchronizedRootGroup section */

/* Begin PBXFrameworksBuildPhase section */
		52DE68632DC2CA3E001B2BDA /* Frameworks */ = {
			isa = PBXFrameworksBuildPhase;
			buildActionMask = 2147483647;
			files = (
			);
			runOnlyForDeploymentPostprocessing = 0;
		};
		52DE68702DC2CA3F001B2BDA /* Frameworks */ = {
			isa = PBXFrameworksBuildPhase;
			buildActionMask = 2147483647;
			files = (
			);
			runOnlyForDeploymentPostprocessing = 0;
		};
		52DE687A2DC2CA3F001B2BDA /* Frameworks */ = {
			isa = PBXFrameworksBuildPhase;
			buildActionMask = 2147483647;
			files = (
			);
			runOnlyForDeploymentPostprocessing = 0;
		};
/* End PBXFrameworksBuildPhase section */

/* Begin PBXGroup section */
		52DE685D2DC2CA3E001B2BDA = {
			isa = PBXGroup;
			children = (
				52DE68682DC2CA3E001B2BDA /* RestaurantGuide */,
				52DE68762DC2CA3F001B2BDA /* RestaurantGuideTests */,
				52DE68802DC2CA3F001B2BDA /* RestaurantGuideUITests */,
				52DE68672DC2CA3E001B2BDA /* Products */,
			);
			sourceTree = "<group>";
		};
		52DE68672DC2CA3E001B2BDA /* Products */ = {
			isa = PBXGroup;
			children = (
				52DE68662DC2CA3E001B2BDA /* RestaurantGuide.app */,
				52DE68732DC2CA3F001B2BDA /* RestaurantGuideTests.xctest */,
				52DE687D2DC2CA3F001B2BDA /* RestaurantGuideUITests.xctest */,
			);
			name = Products;
			sourceTree = "<group>";
		};
/* End PBXGroup section */

/* Begin PBXNativeTarget section */
		52DE68652DC2CA3E001B2BDA /* RestaurantGuide */ = {
			isa = PBXNativeTarget;
			buildConfigurationList = 52DE68872DC2CA3F001B2BDA /* Build configuration list for PBXNativeTarget "RestaurantGuide" */;
			buildPhases = (
				52DE68622DC2CA3E001B2BDA /* Sources */,
				52DE68632DC2CA3E001B2BDA /* Frameworks */,
				52DE68642DC2CA3E001B2BDA /* Resources */,
			);
			buildRules = (
			);
			dependencies = (
			);
			fileSystemSynchronizedGroups = (
				52DE68682DC2CA3E001B2BDA /* RestaurantGuide */,
			);
			name = RestaurantGuide;
			packageProductDependencies = (
			);
			productName = RestaurantGuide;
			productReference = 52DE68662DC2CA3E001B2BDA /* RestaurantGuide.app */;
			productType = "com.apple.product-type.application";
		};
		52DE68722DC2CA3F001B2BDA /* RestaurantGuideTests */ = {
			isa = PBXNativeTarget;
			buildConfigurationList = 52DE688A2DC2CA3F001B2BDA /* Build configuration list for PBXNativeTarget "RestaurantGuideTests" */;
			buildPhases = (
				52DE686F2DC2CA3F001B2BDA /* Sources */,
				52DE68702DC2CA3F001B2BDA /* Frameworks */,
				52DE68712DC2CA3F001B2BDA /* Resources */,
			);
			buildRules = (
			);
			dependencies = (
				52DE68752DC2CA3F001B2BDA /* PBXTargetDependency */,
			);
			fileSystemSynchronizedGroups = (
				52DE68762DC2CA3F001B2BDA /* RestaurantGuideTests */,
			);
			name = RestaurantGuideTests;
			packageProductDependencies = (
			);
			productName = RestaurantGuideTests;
			productReference = 52DE68732DC2CA3F001B2BDA /* RestaurantGuideTests.xctest */;
			productType = "com.apple.product-type.bundle.unit-test";
		};
		52DE687C2DC2CA3F001B2BDA /* RestaurantGuideUITests */ = {
			isa = PBXNativeTarget;
			buildConfigurationList = 52DE688D2DC2CA3F001B2BDA /* Build configuration list for PBXNativeTarget "RestaurantGuideUITests" */;
			buildPhases = (
				52DE68792DC2CA3F001B2BDA /* Sources */,
				52DE687A2DC2CA3F001B2BDA /* Frameworks */,
				52DE687B2DC2CA3F001B2BDA /* Resources */,
			);
			buildRules = (
			);
			dependencies = (
				52DE687F2DC2CA3F001B2BDA /* PBXTargetDependency */,
			);
			fileSystemSynchronizedGroups = (
				52DE68802DC2CA3F001B2BDA /* RestaurantGuideUITests */,
			);
			name = RestaurantGuideUITests;
			packageProductDependencies = (
			);
			productName = RestaurantGuideUITests;
			productReference = 52DE687D2DC2CA3F001B2BDA /* RestaurantGuideUITests.xctest */;
			productType = "com.apple.product-type.bundle.ui-testing";
		};
/* End PBXNativeTarget section */

/* Begin PBXProject section */
		52DE685E2DC2CA3E001B2BDA /* Project object */ = {
			isa = PBXProject;
			attributes = {
				BuildIndependentTargetsInParallel = 1;
				LastSwiftUpdateCheck = 1630;
				LastUpgradeCheck = 1630;
				TargetAttributes = {
					52DE68652DC2CA3E001B2BDA = {
						CreatedOnToolsVersion = 16.3;
					};
					52DE68722DC2CA3F001B2BDA = {
						CreatedOnToolsVersion = 16.3;
						TestTargetID = 52DE68652DC2CA3E001B2BDA;
					};
					52DE687C2DC2CA3F001B2BDA = {
						CreatedOnToolsVersion = 16.3;
						TestTargetID = 52DE68652DC2CA3E001B2BDA;
					};
				};
			};
			buildConfigurationList = 52DE68612DC2CA3E001B2BDA /* Build configuration list for PBXProject "RestaurantGuide" */;
			developmentRegion = en;
			hasScannedForEncodings = 0;
			knownRegions = (
				en,
				Base,
			);
			mainGroup = 52DE685D2DC2CA3E001B2BDA;
			minimizedProjectReferenceProxies = 1;
			preferredProjectObjectVersion = 77;
			productRefGroup = 52DE68672DC2CA3E001B2BDA /* Products */;
			projectDirPath = "";
			projectRoot = "";
			targets = (
				52DE68652DC2CA3E001B2BDA /* RestaurantGuide */,
				52DE68722DC2CA3F001B2BDA /* RestaurantGuideTests */,
				52DE687C2DC2CA3F001B2BDA /* RestaurantGuideUITests */,
			);
		};
/* End PBXProject section */

/* Begin PBXResourcesBuildPhase section */
		52DE68642DC2CA3E001B2BDA /* Resources */ = {
			isa = PBXResourcesBuildPhase;
			buildActionMask = 2147483647;
			files = (
			);
			runOnlyForDeploymentPostprocessing = 0;
		};
		52DE68712DC2CA3F001B2BDA /* Resources */ = {
			isa = PBXResourcesBuildPhase;
			buildActionMask = 2147483647;
			files = (
			);
			runOnlyForDeploymentPostprocessing = 0;
		};
		52DE687B2DC2CA3F001B2BDA /* Resources */ = {
			isa = PBXResourcesBuildPhase;
			buildActionMask = 2147483647;
			files = (
			);
			runOnlyForDeploymentPostprocessing = 0;
		};
/* End PBXResourcesBuildPhase section */

/* Begin PBXSourcesBuildPhase section */
		52DE68622DC2CA3E001B2BDA /* Sources */ = {
			isa = PBXSourcesBuildPhase;
			buildActionMask = 2147483647;
			files = (
			);
			runOnlyForDeploymentPostprocessing = 0;
		};
		52DE686F2DC2CA3F001B2BDA /* Sources */ = {
			isa = PBXSourcesBuildPhase;
			buildActionMask = 2147483647;
			files = (
			);
			runOnlyForDeploymentPostprocessing = 0;
		};
		52DE68792DC2CA3F001B2BDA /* Sources */ = {
			isa = PBXSourcesBuildPhase;
			buildActionMask = 2147483647;
			files = (
			);
			runOnlyForDeploymentPostprocessing = 0;
		};
/* End PBXSourcesBuildPhase section */

/* Begin PBXTargetDependency section */
		52DE68752DC2CA3F001B2BDA /* PBXTargetDependency */ = {
			isa = PBXTargetDependency;
			target = 52DE68652DC2CA3E001B2BDA /* RestaurantGuide */;
			targetProxy = 52DE68742DC2CA3F001B2BDA /* PBXContainerItemProxy */;
		};
		52DE687F2DC2CA3F001B2BDA /* PBXTargetDependency */ = {
			isa = PBXTargetDependency;
			target = 52DE68652DC2CA3E001B2BDA /* RestaurantGuide */;
			targetProxy = 52DE687E2DC2CA3F001B2BDA /* PBXContainerItemProxy */;
		};
/* End PBXTargetDependency section */

/* Begin XCBuildConfiguration section */
		52DE68852DC2CA3F001B2BDA /* Debug */ = {
			isa = XCBuildConfiguration;
			buildSettings = {
				ALWAYS_SEARCH_USER_PATHS = NO;
				ASSETCATALOG_COMPILER_GENERATE_SWIFT_ASSET_SYMBOL_EXTENSIONS = YES;
				CLANG_ANALYZER_NONNULL = YES;
				CLANG_ANALYZER_NUMBER_OBJECT_CONVERSION = YES_AGGRESSIVE;
				CLANG_CXX_LANGUAGE_STANDARD = "gnu++20";
				CLANG_ENABLE_MODULES = YES;
				CLANG_ENABLE_OBJC_ARC = YES;
				CLANG_ENABLE_OBJC_WEAK = YES;
				CLANG_WARN_BLOCK_CAPTURE_AUTORELEASING = YES;
				CLANG_WARN_BOOL_CONVERSION = YES;
				CLANG_WARN_COMMA = YES;
				CLANG_WARN_CONSTANT_CONVERSION = YES;
				CLANG_WARN_DEPRECATED_OBJC_IMPLEMENTATIONS = YES;
				CLANG_WARN_DIRECT_OBJC_ISA_USAGE = YES_ERROR;
				CLANG_WARN_DOCUMENTATION_COMMENTS = YES;
				CLANG_WARN_EMPTY_BODY = YES;
				CLANG_WARN_ENUM_CONVERSION = YES;
				CLANG_WARN_INFINITE_RECURSION = YES;
				CLANG_WARN_INT_CONVERSION = YES;
				CLANG_WARN_NON_LITERAL_NULL_CONVERSION = YES;
				CLANG_WARN_OBJC_IMPLICIT_RETAIN_SELF = YES;
				CLANG_WARN_OBJC_LITERAL_CONVERSION = YES;
				CLANG_WARN_OBJC_ROOT_CLASS = YES_ERROR;
				CLANG_WARN_QUOTED_INCLUDE_IN_FRAMEWORK_HEADER = YES;
				CLANG_WARN_RANGE_LOOP_ANALYSIS = YES;
				CLANG_WARN_STRICT_PROTOTYPES = YES;
				CLANG_WARN_SUSPICIOUS_MOVE = YES;
				CLANG_WARN_UNGUARDED_AVAILABILITY = YES_AGGRESSIVE;
				CLANG_WARN_UNREACHABLE_CODE = YES;
				CLANG_WARN__DUPLICATE_METHOD_MATCH = YES;
				COPY_PHASE_STRIP = NO;
				DEBUG_INFORMATION_FORMAT = dwarf;
				DEVELOPMENT_TEAM = Y54ZKSMVCX;
				ENABLE_STRICT_OBJC_MSGSEND = YES;
				ENABLE_TESTABILITY = YES;
				ENABLE_USER_SCRIPT_SANDBOXING = YES;
				GCC_C_LANGUAGE_STANDARD = gnu17;
				GCC_DYNAMIC_NO_PIC = NO;
				GCC_NO_COMMON_BLOCKS = YES;
				GCC_OPTIMIZATION_LEVEL = 0;
				GCC_PREPROCESSOR_DEFINITIONS = (
					"DEBUG=1",
					"$(inherited)",
				);
				GCC_WARN_64_TO_32_BIT_CONVERSION = YES;
				GCC_WARN_ABOUT_RETURN_TYPE = YES_ERROR;
				GCC_WARN_UNDECLARED_SELECTOR = YES;
				GCC_WARN_UNINITIALIZED_AUTOS = YES_AGGRESSIVE;
				GCC_WARN_UNUSED_FUNCTION = YES;
				GCC_WARN_UNUSED_VARIABLE = YES;
				IPHONEOS_DEPLOYMENT_TARGET = 18.4;
				LOCALIZATION_PREFERS_STRING_CATALOGS = YES;
				MTL_ENABLE_DEBUG_INFO = INCLUDE_SOURCE;
				MTL_FAST_MATH = YES;
				ONLY_ACTIVE_ARCH = YES;
				SDKROOT = iphoneos;
				SWIFT_ACTIVE_COMPILATION_CONDITIONS = "DEBUG $(inherited)";
				SWIFT_OPTIMIZATION_LEVEL = "-Onone";
			};
			name = Debug;
		};
		52DE68862DC2CA3F001B2BDA /* Release */ = {
			isa = XCBuildConfiguration;
			buildSettings = {
				ALWAYS_SEARCH_USER_PATHS = NO;
				ASSETCATALOG_COMPILER_GENERATE_SWIFT_ASSET_SYMBOL_EXTENSIONS = YES;
				CLANG_ANALYZER_NONNULL = YES;
				CLANG_ANALYZER_NUMBER_OBJECT_CONVERSION = YES_AGGRESSIVE;
				CLANG_CXX_LANGUAGE_STANDARD = "gnu++20";
				CLANG_ENABLE_MODULES = YES;
				CLANG_ENABLE_OBJC_ARC = YES;
				CLANG_ENABLE_OBJC_WEAK = YES;
				CLANG_WARN_BLOCK_CAPTURE_AUTORELEASING = YES;
				CLANG_WARN_BOOL_CONVERSION = YES;
				CLANG_WARN_COMMA = YES;
				CLANG_WARN_CONSTANT_CONVERSION = YES;
				CLANG_WARN_DEPRECATED_OBJC_IMPLEMENTATIONS = YES;
				CLANG_WARN_DIRECT_OBJC_ISA_USAGE = YES_ERROR;
				CLANG_WARN_DOCUMENTATION_COMMENTS = YES;
				CLANG_WARN_EMPTY_BODY = YES;
				CLANG_WARN_ENUM_CONVERSION = YES;
				CLANG_WARN_INFINITE_RECURSION = YES;
				CLANG_WARN_INT_CONVERSION = YES;
				CLANG_WARN_NON_LITERAL_NULL_CONVERSION = YES;
				CLANG_WARN_OBJC_IMPLICIT_RETAIN_SELF = YES;
				CLANG_WARN_OBJC_LITERAL_CONVERSION = YES;
				CLANG_WARN_OBJC_ROOT_CLASS = YES_ERROR;
				CLANG_WARN_QUOTED_INCLUDE_IN_FRAMEWORK_HEADER = YES;
				CLANG_WARN_RANGE_LOOP_ANALYSIS = YES;
				CLANG_WARN_STRICT_PROTOTYPES = YES;
				CLANG_WARN_SUSPICIOUS_MOVE = YES;
				CLANG_WARN_UNGUARDED_AVAILABILITY = YES_AGGRESSIVE;
				CLANG_WARN_UNREACHABLE_CODE = YES;
				CLANG_WARN__DUPLICATE_METHOD_MATCH = YES;
				COPY_PHASE_STRIP = NO;
				DEBUG_INFORMATION_FORMAT = "dwarf-with-dsym";
				DEVELOPMENT_TEAM = Y54ZKSMVCX;
				ENABLE_NS_ASSERTIONS = NO;
				ENABLE_STRICT_OBJC_MSGSEND = YES;
				ENABLE_USER_SCRIPT_SANDBOXING = YES;
				GCC_C_LANGUAGE_STANDARD = gnu17;
				GCC_NO_COMMON_BLOCKS = YES;
				GCC_WARN_64_TO_32_BIT_CONVERSION = YES;
				GCC_WARN_ABOUT_RETURN_TYPE = YES_ERROR;
				GCC_WARN_UNDECLARED_SELECTOR = YES;
				GCC_WARN_UNINITIALIZED_AUTOS = YES_AGGRESSIVE;
				GCC_WARN_UNUSED_FUNCTION = YES;
				GCC_WARN_UNUSED_VARIABLE = YES;
				IPHONEOS_DEPLOYMENT_TARGET = 18.4;
				LOCALIZATION_PREFERS_STRING_CATALOGS = YES;
				MTL_ENABLE_DEBUG_INFO = NO;
				MTL_FAST_MATH = YES;
				SDKROOT = iphoneos;
				SWIFT_COMPILATION_MODE = wholemodule;
				VALIDATE_PRODUCT = YES;
			};
			name = Release;
		};
		52DE68882DC2CA3F001B2BDA /* Debug */ = {
			isa = XCBuildConfiguration;
			buildSettings = {
				ASSETCATALOG_COMPILER_APPICON_NAME = AppIcon;
				ASSETCATALOG_COMPILER_GLOBAL_ACCENT_COLOR_NAME = AccentColor;
				CODE_SIGN_STYLE = Automatic;
				CURRENT_PROJECT_VERSION = 1;
				DEVELOPMENT_TEAM = Y54ZKSMVCX;
				ENABLE_PREVIEWS = YES;
				GENERATE_INFOPLIST_FILE = YES;
				INFOPLIST_KEY_UIApplicationSceneManifest_Generation = YES;
				INFOPLIST_KEY_UIApplicationSupportsIndirectInputEvents = YES;
				INFOPLIST_KEY_UILaunchScreen_Generation = YES;
				INFOPLIST_KEY_UISupportedInterfaceOrientations_iPad = "UIInterfaceOrientationPortrait UIInterfaceOrientationPortraitUpsideDown UIInterfaceOrientationLandscapeLeft UIInterfaceOrientationLandscapeRight";
				INFOPLIST_KEY_UISupportedInterfaceOrientations_iPhone = "UIInterfaceOrientationPortrait UIInterfaceOrientationLandscapeLeft UIInterfaceOrientationLandscapeRight";
				LD_RUNPATH_SEARCH_PATHS = (
					"$(inherited)",
					"@executable_path/Frameworks",
				);
				MARKETING_VERSION = 1.0;
				PRODUCT_BUNDLE_IDENTIFIER = com.burak.RestaurantGuide;
				PRODUCT_NAME = "$(TARGET_NAME)";
				SWIFT_EMIT_LOC_STRINGS = YES;
				SWIFT_VERSION = 5.0;
				TARGETED_DEVICE_FAMILY = "1,2";
			};
			name = Debug;
		};
		52DE68892DC2CA3F001B2BDA /* Release */ = {
			isa = XCBuildConfiguration;
			buildSettings = {
				ASSETCATALOG_COMPILER_APPICON_NAME = AppIcon;
				ASSETCATALOG_COMPILER_GLOBAL_ACCENT_COLOR_NAME = AccentColor;
				CODE_SIGN_STYLE = Automatic;
				CURRENT_PROJECT_VERSION = 1;
				DEVELOPMENT_TEAM = Y54ZKSMVCX;
				ENABLE_PREVIEWS = YES;
				GENERATE_INFOPLIST_FILE = YES;
				INFOPLIST_KEY_UIApplicationSceneManifest_Generation = YES;
				INFOPLIST_KEY_UIApplicationSupportsIndirectInputEvents = YES;
				INFOPLIST_KEY_UILaunchScreen_Generation = YES;
				INFOPLIST_KEY_UISupportedInterfaceOrientations_iPad = "UIInterfaceOrientationPortrait UIInterfaceOrientationPortraitUpsideDown UIInterfaceOrientationLandscapeLeft UIInterfaceOrientationLandscapeRight";
				INFOPLIST_KEY_UISupportedInterfaceOrientations_iPhone = "UIInterfaceOrientationPortrait UIInterfaceOrientationLandscapeLeft UIInterfaceOrientationLandscapeRight";
				LD_RUNPATH_SEARCH_PATHS = (
					"$(inherited)",
					"@executable_path/Frameworks",
				);
				MARKETING_VERSION = 1.0;
				PRODUCT_BUNDLE_IDENTIFIER = com.burak.RestaurantGuide;
				PRODUCT_NAME = "$(TARGET_NAME)";
				SWIFT_EMIT_LOC_STRINGS = YES;
				SWIFT_VERSION = 5.0;
				TARGETED_DEVICE_FAMILY = "1,2";
			};
			name = Release;
		};
		52DE688B2DC2CA3F001B2BDA /* Debug */ = {
			isa = XCBuildConfiguration;
			buildSettings = {
				BUNDLE_LOADER = "$(TEST_HOST)";
				CODE_SIGN_STYLE = Automatic;
				CURRENT_PROJECT_VERSION = 1;
				DEVELOPMENT_TEAM = Y54ZKSMVCX;
				GENERATE_INFOPLIST_FILE = YES;
				IPHONEOS_DEPLOYMENT_TARGET = 18.4;
				MARKETING_VERSION = 1.0;
				PRODUCT_BUNDLE_IDENTIFIER = com.burak.RestaurantGuideTests;
				PRODUCT_NAME = "$(TARGET_NAME)";
				SWIFT_EMIT_LOC_STRINGS = NO;
				SWIFT_VERSION = 5.0;
				TARGETED_DEVICE_FAMILY = "1,2";
				TEST_HOST = "$(BUILT_PRODUCTS_DIR)/RestaurantGuide.app/$(BUNDLE_EXECUTABLE_FOLDER_PATH)/RestaurantGuide";
			};
			name = Debug;
		};
		52DE688C2DC2CA3F001B2BDA /* Release */ = {
			isa = XCBuildConfiguration;
			buildSettings = {
				BUNDLE_LOADER = "$(TEST_HOST)";
				CODE_SIGN_STYLE = Automatic;
				CURRENT_PROJECT_VERSION = 1;
				DEVELOPMENT_TEAM = Y54ZKSMVCX;
				GENERATE_INFOPLIST_FILE = YES;
				IPHONEOS_DEPLOYMENT_TARGET = 18.4;
				MARKETING_VERSION = 1.0;
				PRODUCT_BUNDLE_IDENTIFIER = com.burak.RestaurantGuideTests;
				PRODUCT_NAME = "$(TARGET_NAME)";
				SWIFT_EMIT_LOC_STRINGS = NO;
				SWIFT_VERSION = 5.0;
				TARGETED_DEVICE_FAMILY = "1,2";
				TEST_HOST = "$(BUILT_PRODUCTS_DIR)/RestaurantGuide.app/$(BUNDLE_EXECUTABLE_FOLDER_PATH)/RestaurantGuide";
			};
			name = Release;
		};
		52DE688E2DC2CA3F001B2BDA /* Debug */ = {
			isa = XCBuildConfiguration;
			buildSettings = {
				CODE_SIGN_STYLE = Automatic;
				CURRENT_PROJECT_VERSION = 1;
				DEVELOPMENT_TEAM = Y54ZKSMVCX;
				GENERATE_INFOPLIST_FILE = YES;
				MARKETING_VERSION = 1.0;
				PRODUCT_BUNDLE_IDENTIFIER = com.burak.RestaurantGuideUITests;
				PRODUCT_NAME = "$(TARGET_NAME)";
				SWIFT_EMIT_LOC_STRINGS = NO;
				SWIFT_VERSION = 5.0;
				TARGETED_DEVICE_FAMILY = "1,2";
				TEST_TARGET_NAME = RestaurantGuide;
			};
			name = Debug;
		};
		52DE688F2DC2CA3F001B2BDA /* Release */ = {
			isa = XCBuildConfiguration;
			buildSettings = {
				CODE_SIGN_STYLE = Automatic;
				CURRENT_PROJECT_VERSION = 1;
				DEVELOPMENT_TEAM = Y54ZKSMVCX;
				GENERATE_INFOPLIST_FILE = YES;
				MARKETING_VERSION = 1.0;
				PRODUCT_BUNDLE_IDENTIFIER = com.burak.RestaurantGuideUITests;
				PRODUCT_NAME = "$(TARGET_NAME)";
				SWIFT_EMIT_LOC_STRINGS = NO;
				SWIFT_VERSION = 5.0;
				TARGETED_DEVICE_FAMILY = "1,2";
				TEST_TARGET_NAME = RestaurantGuide;
			};
			name = Release;
		};
/* End XCBuildConfiguration section */

/* Begin XCConfigurationList section */
		52DE68612DC2CA3E001B2BDA /* Build configuration list for PBXProject "RestaurantGuide" */ = {
			isa = XCConfigurationList;
			buildConfigurations = (
				52DE68852DC2CA3F001B2BDA /* Debug */,
				52DE68862DC2CA3F001B2BDA /* Release */,
			);
			defaultConfigurationIsVisible = 0;
			defaultConfigurationName = Release;
		};
		52DE68872DC2CA3F001B2BDA /* Build configuration list for PBXNativeTarget "RestaurantGuide" */ = {
			isa = XCConfigurationList;
			buildConfigurations = (
				52DE68882DC2CA3F001B2BDA /* Debug */,
				52DE68892DC2CA3F001B2BDA /* Release */,
			);
			defaultConfigurationIsVisible = 0;
			defaultConfigurationName = Release;
		};
		52DE688A2DC2CA3F001B2BDA /* Build configuration list for PBXNativeTarget "RestaurantGuideTests" */ = {
			isa = XCConfigurationList;
			buildConfigurations = (
				52DE688B2DC2CA3F001B2BDA /* Debug */,
				52DE688C2DC2CA3F001B2BDA /* Release */,
			);
			defaultConfigurationIsVisible = 0;
			defaultConfigurationName = Release;
		};
		52DE688D2DC2CA3F001B2BDA /* Build configuration list for PBXNativeTarget "RestaurantGuideUITests" */ = {
			isa = XCConfigurationList;
			buildConfigurations = (
				52DE688E2DC2CA3F001B2BDA /* Debug */,
				52DE688F2DC2CA3F001B2BDA /* Release */,
			);
			defaultConfigurationIsVisible = 0;
			defaultConfigurationName = Release;
		};
/* End XCConfigurationList section */
	};
	rootObject = 52DE685E2DC2CA3E001B2BDA /* Project object */;
}
